
Microsoft Visual Studio Solution File, Format Version 12.00
# Visual Studio 15
VisualStudioVersion = 15.0.27130.2036
MinimumVisualStudioVersion = 10.0.40219.1
Project("{9A19103F-16F7-4668-BE54-9A1E7A4F7556}") = "MyCoreWeb", "MyCoreWeb\MyCoreWeb.csproj", "{34DC3D30-CD34-4096-8CEA-017198DD4E96}"
EndProject
Project("{9A19103F-16F7-4668-BE54-9A1E7A4F7556}") = "TableStoreConsole", "TableStoreConsole\TableStoreConsole.csproj", "{DBDF65FB-CE73-403B-B05C-B31BEC2FE86C}"
EndProject
Project("{9A19103F-16F7-4668-BE54-9A1E7A4F7556}") = "jsonConfigDemo", "jsonConfigDemo\jsonConfigDemo.csproj", "{5F38966B-C747-453B-B0F5-AD10930E6598}"
EndProject
Project("{9A19103F-16F7-4668-BE54-9A1E7A4F7556}") = "ConsoleAppCoreTest", "ConsoleAppCoreTest\ConsoleAppCoreTest.csproj", "{299F3335-B6FD-4CC2-9A58-16D854F2BA77}"
EndProject
Project("{9A19103F-16F7-4668-BE54-9A1E7A4F7556}") = "ConsoleAppLog", "ConsoleAppLog\ConsoleAppLog.csproj", "{1615955F-D8DE-4971-BEE6-EEA1815E6C5E}"
EndProject
Project("{9A19103F-16F7-4668-BE54-9A1E7A4F7556}") = "Logger.File", "Logger.File\Logger.File.csproj", "{08E1A330-678B-4A39-B782-2BE251DC3874}"
EndProject
Project("{9A19103F-16F7-4668-BE54-9A1E7A4F7556}") = "TableStoreWebApp", "TableStoreWebApp\TableStoreWebApp.csproj", "{7D65399F-1DB5-427A-B8CF-401025C5CFAA}"
EndProject
Project("{2150E333-8FDC-42A3-9474-1A3956D46DE8}") = "UDP", "UDP", "{6A6C8058-9DC4-4416-8179-93E6F9C6D8E2}"
EndProject
Project("{FAE04EC0-301F-11D3-BF4B-00C04F79EFBC}") = "UDPServer", "UDPServer\UDPServer.csproj", "{B38CE0A2-33C8-454C-B40F-AA4C75E8A78E}"
EndProject
Project("{FAE04EC0-301F-11D3-BF4B-00C04F79EFBC}") = "UDPClient", "UDPClient\UDPClient.csproj", "{6EC214F6-5E51-4026-9773-1543D8EB628B}"
EndProject
Project("{2150E333-8FDC-42A3-9474-1A3956D46DE8}") = "TCP", "TCP", "{295AC139-AA2E-47F2-9D3C-5A3C1D4E0C08}"
EndProject
Project("{FAE04EC0-301F-11D3-BF4B-00C04F79EFBC}") = "TPCServer", "TPCServer\TPCServer.csproj", "{FB0F1A19-20DD-45FA-99E3-02BBB85A8410}"
EndProject
Project("{FAE04EC0-301F-11D3-BF4B-00C04F79EFBC}") = "TCPClient", "TCPClient\TCPClient.csproj", "{9008C641-97CE-4C5F-B9BD-EA7537EC2A26}"
EndProject
Project("{2150E333-8FDC-42A3-9474-1A3956D46DE8}") = "ARPG", "ARPG", "{6D3ADABA-8B73-4B8E-971F-BF9A2293D662}"
EndProject
Project("{FAE04EC0-301F-11D3-BF4B-00C04F79EFBC}") = "ARPGame", "ARPGame\ARPGame.csproj", "{E9A4509E-791B-4A7A-BD41-A0B72C7A19C8}"
EndProject
Project("{FAE04EC0-301F-11D3-BF4B-00C04F79EFBC}") = "WinClient", "WindowsFormsApp1\WinClient.csproj", "{074FFBDE-5EC0-406F-9DAA-E357AF8204C3}"
EndProject
Project("{FAE04EC0-301F-11D3-BF4B-00C04F79EFBC}") = "WinServer", "WinServer\WinServer.csproj", "{BCD07479-8EAF-4E58-AD4B-F753D3E9D29F}"
EndProject
Project("{2150E333-8FDC-42A3-9474-1A3956D46DE8}") = "RabitMQ", "RabitMQ", "{C3FEAB1D-3105-47D0-BA1D-C7AC46D0CB1E}"
EndProject
Project("{FAE04EC0-301F-11D3-BF4B-00C04F79EFBC}") = "RabbitMQClient", "RabbitMQClient\RabbitMQClient.csproj", "{BE7D1D77-FB65-4E11-9E9D-C3E5717A1482}"
EndProject
Project("{FAE04EC0-301F-11D3-BF4B-00C04F79EFBC}") = "RabbitMQServer", "RabbitMQServer\RabbitMQServer.csproj", "{BEF8D94F-573C-4654-8CCD-1C2707B37FB6}"
EndProject
Project("{2150E333-8FDC-42A3-9474-1A3956D46DE8}") = "MongoDB", "MongoDB", "{0F01A957-2830-4F25-9AA7-976ADC5EDC9C}"
EndProject
Project("{FAE04EC0-301F-11D3-BF4B-00C04F79EFBC}") = "MongoDB", "MongoDB\MongoDB.csproj", "{84401B56-EF80-4722-AAA6-DD67302453F4}"
EndProject
Global
	GlobalSection(SolutionConfigurationPlatforms) = preSolution
		Debug|Any CPU = Debug|Any CPU
		Release|Any CPU = Release|Any CPU
	EndGlobalSection
	GlobalSection(ProjectConfigurationPlatforms) = postSolution
		{34DC3D30-CD34-4096-8CEA-017198DD4E96}.Debug|Any CPU.ActiveCfg = Debug|Any CPU
		{34DC3D30-CD34-4096-8CEA-017198DD4E96}.Debug|Any CPU.Build.0 = Debug|Any CPU
		{34DC3D30-CD34-4096-8CEA-017198DD4E96}.Release|Any CPU.ActiveCfg = Release|Any CPU
		{34DC3D30-CD34-4096-8CEA-017198DD4E96}.Release|Any CPU.Build.0 = Release|Any CPU
		{DBDF65FB-CE73-403B-B05C-B31BEC2FE86C}.Debug|Any CPU.ActiveCfg = Debug|Any CPU
		{DBDF65FB-CE73-403B-B05C-B31BEC2FE86C}.Debug|Any CPU.Build.0 = Debug|Any CPU
		{DBDF65FB-CE73-403B-B05C-B31BEC2FE86C}.Release|Any CPU.ActiveCfg = Release|Any CPU
		{DBDF65FB-CE73-403B-B05C-B31BEC2FE86C}.Release|Any CPU.Build.0 = Release|Any CPU
		{5F38966B-C747-453B-B0F5-AD10930E6598}.Debug|Any CPU.ActiveCfg = Debug|Any CPU
		{5F38966B-C747-453B-B0F5-AD10930E6598}.Debug|Any CPU.Build.0 = Debug|Any CPU
		{5F38966B-C747-453B-B0F5-AD10930E6598}.Release|Any CPU.ActiveCfg = Release|Any CPU
		{5F38966B-C747-453B-B0F5-AD10930E6598}.Release|Any CPU.Build.0 = Release|Any CPU
		{299F3335-B6FD-4CC2-9A58-16D854F2BA77}.Debug|Any CPU.ActiveCfg = Debug|Any CPU
		{299F3335-B6FD-4CC2-9A58-16D854F2BA77}.Debug|Any CPU.Build.0 = Debug|Any CPU
		{299F3335-B6FD-4CC2-9A58-16D854F2BA77}.Release|Any CPU.ActiveCfg = Release|Any CPU
		{299F3335-B6FD-4CC2-9A58-16D854F2BA77}.Release|Any CPU.Build.0 = Release|Any CPU
		{1615955F-D8DE-4971-BEE6-EEA1815E6C5E}.Debug|Any CPU.ActiveCfg = Debug|Any CPU
		{1615955F-D8DE-4971-BEE6-EEA1815E6C5E}.Debug|Any CPU.Build.0 = Debug|Any CPU
		{1615955F-D8DE-4971-BEE6-EEA1815E6C5E}.Release|Any CPU.ActiveCfg = Release|Any CPU
		{1615955F-D8DE-4971-BEE6-EEA1815E6C5E}.Release|Any CPU.Build.0 = Release|Any CPU
		{08E1A330-678B-4A39-B782-2BE251DC3874}.Debug|Any CPU.ActiveCfg = Debug|Any CPU
		{08E1A330-678B-4A39-B782-2BE251DC3874}.Debug|Any CPU.Build.0 = Debug|Any CPU
		{08E1A330-678B-4A39-B782-2BE251DC3874}.Release|Any CPU.ActiveCfg = Release|Any CPU
		{08E1A330-678B-4A39-B782-2BE251DC3874}.Release|Any CPU.Build.0 = Release|Any CPU
		{7D65399F-1DB5-427A-B8CF-401025C5CFAA}.Debug|Any CPU.ActiveCfg = Debug|Any CPU
		{7D65399F-1DB5-427A-B8CF-401025C5CFAA}.Debug|Any CPU.Build.0 = Debug|Any CPU
		{7D65399F-1DB5-427A-B8CF-401025C5CFAA}.Release|Any CPU.ActiveCfg = Release|Any CPU
		{7D65399F-1DB5-427A-B8CF-401025C5CFAA}.Release|Any CPU.Build.0 = Release|Any CPU
		{B38CE0A2-33C8-454C-B40F-AA4C75E8A78E}.Debug|Any CPU.ActiveCfg = Debug|Any CPU
		{B38CE0A2-33C8-454C-B40F-AA4C75E8A78E}.Debug|Any CPU.Build.0 = Debug|Any CPU
		{B38CE0A2-33C8-454C-B40F-AA4C75E8A78E}.Release|Any CPU.ActiveCfg = Release|Any CPU
		{B38CE0A2-33C8-454C-B40F-AA4C75E8A78E}.Release|Any CPU.Build.0 = Release|Any CPU
		{6EC214F6-5E51-4026-9773-1543D8EB628B}.Debug|Any CPU.ActiveCfg = Debug|Any CPU
		{6EC214F6-5E51-4026-9773-1543D8EB628B}.Debug|Any CPU.Build.0 = Debug|Any CPU
		{6EC214F6-5E51-4026-9773-1543D8EB628B}.Release|Any CPU.ActiveCfg = Release|Any CPU
		{6EC214F6-5E51-4026-9773-1543D8EB628B}.Release|Any CPU.Build.0 = Release|Any CPU
		{FB0F1A19-20DD-45FA-99E3-02BBB85A8410}.Debug|Any CPU.ActiveCfg = Debug|Any CPU
		{FB0F1A19-20DD-45FA-99E3-02BBB85A8410}.Debug|Any CPU.Build.0 = Debug|Any CPU
		{FB0F1A19-20DD-45FA-99E3-02BBB85A8410}.Release|Any CPU.ActiveCfg = Release|Any CPU
		{FB0F1A19-20DD-45FA-99E3-02BBB85A8410}.Release|Any CPU.Build.0 = Release|Any CPU
		{9008C641-97CE-4C5F-B9BD-EA7537EC2A26}.Debug|Any CPU.ActiveCfg = Debug|Any CPU
		{9008C641-97CE-4C5F-B9BD-EA7537EC2A26}.Debug|Any CPU.Build.0 = Debug|Any CPU
		{9008C641-97CE-4C5F-B9BD-EA7537EC2A26}.Release|Any CPU.ActiveCfg = Release|Any CPU
		{9008C641-97CE-4C5F-B9BD-EA7537EC2A26}.Release|Any CPU.Build.0 = Release|Any CPU
		{E9A4509E-791B-4A7A-BD41-A0B72C7A19C8}.Debug|Any CPU.ActiveCfg = Debug|Any CPU
		{E9A4509E-791B-4A7A-BD41-A0B72C7A19C8}.Debug|Any CPU.Build.0 = Debug|Any CPU
		{E9A4509E-791B-4A7A-BD41-A0B72C7A19C8}.Release|Any CPU.ActiveCfg = Release|Any CPU
		{E9A4509E-791B-4A7A-BD41-A0B72C7A19C8}.Release|Any CPU.Build.0 = Release|Any CPU
		{074FFBDE-5EC0-406F-9DAA-E357AF8204C3}.Debug|Any CPU.ActiveCfg = Debug|Any CPU
		{074FFBDE-5EC0-406F-9DAA-E357AF8204C3}.Debug|Any CPU.Build.0 = Debug|Any CPU
		{074FFBDE-5EC0-406F-9DAA-E357AF8204C3}.Release|Any CPU.ActiveCfg = Release|Any CPU
		{074FFBDE-5EC0-406F-9DAA-E357AF8204C3}.Release|Any CPU.Build.0 = Release|Any CPU
		{BCD07479-8EAF-4E58-AD4B-F753D3E9D29F}.Debug|Any CPU.ActiveCfg = Debug|Any CPU
		{BCD07479-8EAF-4E58-AD4B-F753D3E9D29F}.Debug|Any CPU.Build.0 = Debug|Any CPU
		{BCD07479-8EAF-4E58-AD4B-F753D3E9D29F}.Release|Any CPU.ActiveCfg = Release|Any CPU
		{BCD07479-8EAF-4E58-AD4B-F753D3E9D29F}.Release|Any CPU.Build.0 = Release|Any CPU
		{BE7D1D77-FB65-4E11-9E9D-C3E5717A1482}.Debug|Any CPU.ActiveCfg = Debug|Any CPU
		{BE7D1D77-FB65-4E11-9E9D-C3E5717A1482}.Debug|Any CPU.Build.0 = Debug|Any CPU
		{BE7D1D77-FB65-4E11-9E9D-C3E5717A1482}.Release|Any CPU.ActiveCfg = Release|Any CPU
		{BE7D1D77-FB65-4E11-9E9D-C3E5717A1482}.Release|Any CPU.Build.0 = Release|Any CPU
		{BEF8D94F-573C-4654-8CCD-1C2707B37FB6}.Debug|Any CPU.ActiveCfg = Debug|Any CPU
		{BEF8D94F-573C-4654-8CCD-1C2707B37FB6}.Debug|Any CPU.Build.0 = Debug|Any CPU
		{BEF8D94F-573C-4654-8CCD-1C2707B37FB6}.Release|Any CPU.ActiveCfg = Release|Any CPU
		{BEF8D94F-573C-4654-8CCD-1C2707B37FB6}.Release|Any CPU.Build.0 = Release|Any CPU
		{84401B56-EF80-4722-AAA6-DD67302453F4}.Debug|Any CPU.ActiveCfg = Debug|Any CPU
		{84401B56-EF80-4722-AAA6-DD67302453F4}.Debug|Any CPU.Build.0 = Debug|Any CPU
		{84401B56-EF80-4722-AAA6-DD67302453F4}.Release|Any CPU.ActiveCfg = Release|Any CPU
		{84401B56-EF80-4722-AAA6-DD67302453F4}.Release|Any CPU.Build.0 = Release|Any CPU
	EndGlobalSection
	GlobalSection(SolutionProperties) = preSolution
		HideSolutionNode = FALSE
	EndGlobalSection
	GlobalSection(NestedProjects) = preSolution
		{B38CE0A2-33C8-454C-B40F-AA4C75E8A78E} = {6A6C8058-9DC4-4416-8179-93E6F9C6D8E2}
		{6EC214F6-5E51-4026-9773-1543D8EB628B} = {6A6C8058-9DC4-4416-8179-93E6F9C6D8E2}
		{FB0F1A19-20DD-45FA-99E3-02BBB85A8410} = {295AC139-AA2E-47F2-9D3C-5A3C1D4E0C08}
		{9008C641-97CE-4C5F-B9BD-EA7537EC2A26} = {295AC139-AA2E-47F2-9D3C-5A3C1D4E0C08}
		{E9A4509E-791B-4A7A-BD41-A0B72C7A19C8} = {6D3ADABA-8B73-4B8E-971F-BF9A2293D662}
		{074FFBDE-5EC0-406F-9DAA-E357AF8204C3} = {6A6C8058-9DC4-4416-8179-93E6F9C6D8E2}
		{BCD07479-8EAF-4E58-AD4B-F753D3E9D29F} = {6A6C8058-9DC4-4416-8179-93E6F9C6D8E2}
		{BE7D1D77-FB65-4E11-9E9D-C3E5717A1482} = {C3FEAB1D-3105-47D0-BA1D-C7AC46D0CB1E}
		{BEF8D94F-573C-4654-8CCD-1C2707B37FB6} = {C3FEAB1D-3105-47D0-BA1D-C7AC46D0CB1E}
		{84401B56-EF80-4722-AAA6-DD67302453F4} = {0F01A957-2830-4F25-9AA7-976ADC5EDC9C}
	EndGlobalSection
	GlobalSection(ExtensibilityGlobals) = postSolution
		SolutionGuid = {4523179A-6996-4F4B-8660-19837A5B9E41}
	EndGlobalSection
EndGlobal
